
Microsoft Visual Studio Solution File, Format Version 12.00
# Visual Studio Version 16
VisualStudioVersion = 16.0.32126.315
MinimumVisualStudioVersion = 10.0.40219.1
Project("{FAE04EC0-301F-11D3-BF4B-00C04F79EFBC}") = "DataBinding1.Android", "DataBinding1.Android\DataBinding1.Android.csproj", "{8967CE12-9D1C-4FFC-9A0B-0B112765E75D}"
EndProject
Project("{FAE04EC0-301F-11D3-BF4B-00C04F79EFBC}") = "DataBinding1.iOS", "DataBinding1.iOS\DataBinding1.iOS.csproj", "{038E9BAE-0D16-4046-9E36-2084E22F8455}"
EndProject
Project("{FAE04EC0-301F-11D3-BF4B-00C04F79EFBC}") = "DataBinding1", "DataBinding1\DataBinding1.csproj", "{0C60D6AB-7B45-492F-AF4D-0FD0F98223A5}"
EndProject
Global
	GlobalSection(SolutionConfigurationPlatforms) = preSolution
		Debug|Any CPU = Debug|Any CPU
		Debug|iPhone = Debug|iPhone
		Debug|iPhoneSimulator = Debug|iPhoneSimulator
		Release|Any CPU = Release|Any CPU
		Release|iPhone = Release|iPhone
		Release|iPhoneSimulator = Release|iPhoneSimulator
	EndGlobalSection
	GlobalSection(ProjectConfigurationPlatforms) = postSolution
		{8967CE12-9D1C-4FFC-9A0B-0B112765E75D}.Debug|Any CPU.ActiveCfg = Debug|Any CPU
		{8967CE12-9D1C-4FFC-9A0B-0B112765E75D}.Debug|Any CPU.Build.0 = Debug|Any CPU
		{8967CE12-9D1C-4FFC-9A0B-0B112765E75D}.Debug|Any CPU.Deploy.0 = Debug|Any CPU
		{8967CE12-9D1C-4FFC-9A0B-0B112765E75D}.Debug|iPhone.ActiveCfg = Debug|Any CPU
		{8967CE12-9D1C-4FFC-9A0B-0B112765E75D}.Debug|iPhone.Build.0 = Debug|Any CPU
		{8967CE12-9D1C-4FFC-9A0B-0B112765E75D}.Debug|iPhone.Deploy.0 = Debug|Any CPU
		{8967CE12-9D1C-4FFC-9A0B-0B112765E75D}.Debug|iPhoneSimulator.ActiveCfg = Debug|Any CPU
		{8967CE12-9D1C-4FFC-9A0B-0B112765E75D}.Debug|iPhoneSimulator.Build.0 = Debug|Any CPU
		{8967CE12-9D1C-4FFC-9A0B-0B112765E75D}.Debug|iPhoneSimulator.Deploy.0 = Debug|Any CPU
		{8967CE12-9D1C-4FFC-9A0B-0B112765E75D}.Release|Any CPU.ActiveCfg = Release|Any CPU
		{8967CE12-9D1C-4FFC-9A0B-0B112765E75D}.Release|Any CPU.Build.0 = Release|Any CPU
		{8967CE12-9D1C-4FFC-9A0B-0B112765E75D}.Release|Any CPU.Deploy.0 = Release|Any CPU
		{8967CE12-9D1C-4FFC-9A0B-0B112765E75D}.Release|iPhone.ActiveCfg = Release|Any CPU
		{8967CE12-9D1C-4FFC-9A0B-0B112765E75D}.Release|iPhone.Build.0 = Release|Any CPU
		{8967CE12-9D1C-4FFC-9A0B-0B112765E75D}.Release|iPhone.Deploy.0 = Release|Any CPU
		{8967CE12-9D1C-4FFC-9A0B-0B112765E75D}.Release|iPhoneSimulator.ActiveCfg = Release|Any CPU
		{8967CE12-9D1C-4FFC-9A0B-0B112765E75D}.Release|iPhoneSimulator.Build.0 = Release|Any CPU
		{8967CE12-9D1C-4FFC-9A0B-0B112765E75D}.Release|iPhoneSimulator.Deploy.0 = Release|Any CPU
		{038E9BAE-0D16-4046-9E36-2084E22F8455}.Debug|Any CPU.ActiveCfg = Debug|iPhone
		{038E9BAE-0D16-4046-9E36-2084E22F8455}.Debug|Any CPU.Build.0 = Debug|iPhone
		{038E9BAE-0D16-4046-9E36-2084E22F8455}.Debug|Any CPU.Deploy.0 = Debug|iPhone
		{038E9BAE-0D16-4046-9E36-2084E22F8455}.Debug|iPhone.ActiveCfg = Debug|iPhone
		{038E9BAE-0D16-4046-9E36-2084E22F8455}.Debug|iPhone.Build.0 = Debug|iPhone
		{038E9BAE-0D16-4046-9E36-2084E22F8455}.Debug|iPhone.Deploy.0 = Debug|iPhone
		{038E9BAE-0D16-4046-9E36-2084E22F8455}.Debug|iPhoneSimulator.ActiveCfg = Debug|iPhoneSimulator
		{038E9BAE-0D16-4046-9E36-2084E22F8455}.Debug|iPhoneSimulator.Build.0 = Debug|iPhoneSimulator
		{038E9BAE-0D16-4046-9E36-2084E22F8455}.Debug|iPhoneSimulator.Deploy.0 = Debug|iPhoneSimulator
		{038E9BAE-0D16-4046-9E36-2084E22F8455}.Release|Any CPU.ActiveCfg = Release|iPhoneSimulator
		{038E9BAE-0D16-4046-9E36-2084E22F8455}.Release|Any CPU.Build.0 = Release|iPhoneSimulator
		{038E9BAE-0D16-4046-9E36-2084E22F8455}.Release|Any CPU.Deploy.0 = Release|iPhoneSimulator
		{038E9BAE-0D16-4046-9E36-2084E22F8455}.Release|iPhone.ActiveCfg = Release|iPhone
		{038E9BAE-0D16-4046-9E36-2084E22F8455}.Release|iPhone.Build.0 = Release|iPhone
		{038E9BAE-0D16-4046-9E36-2084E22F8455}.Release|iPhone.Deploy.0 = Release|iPhone
		{038E9BAE-0D16-4046-9E36-2084E22F8455}.Release|iPhoneSimulator.ActiveCfg = Release|iPhoneSimulator
		{038E9BAE-0D16-4046-9E36-2084E22F8455}.Release|iPhoneSimulator.Build.0 = Release|iPhoneSimulator
		{038E9BAE-0D16-4046-9E36-2084E22F8455}.Release|iPhoneSimulator.Deploy.0 = Release|iPhoneSimulator
		{0C60D6AB-7B45-492F-AF4D-0FD0F98223A5}.Debug|Any CPU.ActiveCfg = Debug|Any CPU
		{0C60D6AB-7B45-492F-AF4D-0FD0F98223A5}.Debug|Any CPU.Build.0 = Debug|Any CPU
		{0C60D6AB-7B45-492F-AF4D-0FD0F98223A5}.Debug|Any CPU.Deploy.0 = Debug|Any CPU
		{0C60D6AB-7B45-492F-AF4D-0FD0F98223A5}.Debug|iPhone.ActiveCfg = Debug|Any CPU
		{0C60D6AB-7B45-492F-AF4D-0FD0F98223A5}.Debug|iPhone.Build.0 = Debug|Any CPU
		{0C60D6AB-7B45-492F-AF4D-0FD0F98223A5}.Debug|iPhone.Deploy.0 = Debug|Any CPU
		{0C60D6AB-7B45-492F-AF4D-0FD0F98223A5}.Debug|iPhoneSimulator.ActiveCfg = Debug|Any CPU
		{0C60D6AB-7B45-492F-AF4D-0FD0F98223A5}.Debug|iPhoneSimulator.Build.0 = Debug|Any CPU
		{0C60D6AB-7B45-492F-AF4D-0FD0F98223A5}.Debug|iPhoneSimulator.Deploy.0 = Debug|Any CPU
		{0C60D6AB-7B45-492F-AF4D-0FD0F98223A5}.Release|Any CPU.ActiveCfg = Release|Any CPU
		{0C60D6AB-7B45-492F-AF4D-0FD0F98223A5}.Release|Any CPU.Build.0 = Release|Any CPU
		{0C60D6AB-7B45-492F-AF4D-0FD0F98223A5}.Release|Any CPU.Deploy.0 = Release|Any CPU
		{0C60D6AB-7B45-492F-AF4D-0FD0F98223A5}.Release|iPhone.ActiveCfg = Release|Any CPU
		{0C60D6AB-7B45-492F-AF4D-0FD0F98223A5}.Release|iPhone.Build.0 = Release|Any CPU
		{0C60D6AB-7B45-492F-AF4D-0FD0F98223A5}.Release|iPhone.Deploy.0 = Release|Any CPU
		{0C60D6AB-7B45-492F-AF4D-0FD0F98223A5}.Release|iPhoneSimulator.ActiveCfg = Release|Any CPU
		{0C60D6AB-7B45-492F-AF4D-0FD0F98223A5}.Release|iPhoneSimulator.Build.0 = Release|Any CPU
		{0C60D6AB-7B45-492F-AF4D-0FD0F98223A5}.Release|iPhoneSimulator.Deploy.0 = Release|Any CPU
	EndGlobalSection
	GlobalSection(SolutionProperties) = preSolution
		HideSolutionNode = FALSE
	EndGlobalSection
	GlobalSection(ExtensibilityGlobals) = postSolution
		SolutionGuid = {3769B83C-BAEF-42F1-A485-68084F834417}
	EndGlobalSection
EndGlobal
